// !$*UTF8*$!
{
	archiveVersion = 1;
	classes = {
	};
	objectVersion = 48;
	objects = {

/* Begin PBXBuildFile section */
		1198A8A1DCAB1A3E69F054FA /* Pods_CodeChallengeTests.framework in Frameworks */ = {isa = PBXBuildFile; fileRef = B9DDACE3FCE08FF1507ABBB9 /* Pods_CodeChallengeTests.framework */; };
		4569C764D6F324489052CFAF /* Pods_CodeChallengeUITests.framework in Frameworks */ = {isa = PBXBuildFile; fileRef = 5BF06EA84C9D0C38C19EB1B0 /* Pods_CodeChallengeUITests.framework */; };
		760AC1701FB8329400B75A06 /* DetailViewController.swift in Sources */ = {isa = PBXBuildFile; fileRef = 760AC16F1FB8329400B75A06 /* DetailViewController.swift */; };
		760AC1721FB836A600B75A06 /* CacheArticle.swift in Sources */ = {isa = PBXBuildFile; fileRef = 760AC1711FB836A600B75A06 /* CacheArticle.swift */; };
		760AC1741FB83B9A00B75A06 /* FeedCacheService.swift in Sources */ = {isa = PBXBuildFile; fileRef = 760AC1731FB83B9900B75A06 /* FeedCacheService.swift */; };
		760AC1761FB8405300B75A06 /* Connectivity.swift in Sources */ = {isa = PBXBuildFile; fileRef = 760AC1751FB8405300B75A06 /* Connectivity.swift */; };
		7623CF981FB88FD5006EC822 /* JsonParserTests.swift in Sources */ = {isa = PBXBuildFile; fileRef = 7623CF971FB88FD5006EC822 /* JsonParserTests.swift */; };
		7623CF9B1FB893D7006EC822 /* GetFeedsService.swift in Sources */ = {isa = PBXBuildFile; fileRef = 76B79DF71FB771160002CB87 /* GetFeedsService.swift */; };
		7623CF9E1FB89881006EC822 /* Article.swift in Sources */ = {isa = PBXBuildFile; fileRef = 76B79DFA1FB7783D0002CB87 /* Article.swift */; };
		7623CF9F1FB89881006EC822 /* CacheArticle.swift in Sources */ = {isa = PBXBuildFile; fileRef = 760AC1711FB836A600B75A06 /* CacheArticle.swift */; };
		7623CFA01FB89881006EC822 /* Network.swift in Sources */ = {isa = PBXBuildFile; fileRef = 763241831FB765F9000B7A75 /* Network.swift */; };
		7623CFA11FB89881006EC822 /* Api.swift in Sources */ = {isa = PBXBuildFile; fileRef = 763241881FB766A8000B7A75 /* Api.swift */; };
		7623CFA21FB89881006EC822 /* Ultility.swift in Sources */ = {isa = PBXBuildFile; fileRef = 76E110C81FB785EA0091659A /* Ultility.swift */; };
		7623CFA31FB89881006EC822 /* Connectivity.swift in Sources */ = {isa = PBXBuildFile; fileRef = 760AC1751FB8405300B75A06 /* Connectivity.swift */; };
		7623CFA41FB89897006EC822 /* AppStringStyle.swift in Sources */ = {isa = PBXBuildFile; fileRef = 76B79DF51FB76F1F0002CB87 /* AppStringStyle.swift */; };
		7623CFA51FB8998A006EC822 /* feeds.json in Resources */ = {isa = PBXBuildFile; fileRef = 7623CF9C1FB894DD006EC822 /* feeds.json */; };
		763241501FB764B4000B7A75 /* AppDelegate.swift in Sources */ = {isa = PBXBuildFile; fileRef = 7632414F1FB764B4000B7A75 /* AppDelegate.swift */; };
		763241551FB764B4000B7A75 /* Main.storyboard in Resources */ = {isa = PBXBuildFile; fileRef = 763241531FB764B4000B7A75 /* Main.storyboard */; };
		763241581FB764B4000B7A75 /* CodeChallenge.xcdatamodeld in Sources */ = {isa = PBXBuildFile; fileRef = 763241561FB764B4000B7A75 /* CodeChallenge.xcdatamodeld */; };
		7632415A1FB764B4000B7A75 /* Assets.xcassets in Resources */ = {isa = PBXBuildFile; fileRef = 763241591FB764B4000B7A75 /* Assets.xcassets */; };
		7632415D1FB764B4000B7A75 /* LaunchScreen.storyboard in Resources */ = {isa = PBXBuildFile; fileRef = 7632415B1FB764B4000B7A75 /* LaunchScreen.storyboard */; };
		763241731FB764B4000B7A75 /* CodeChallengeUITests.swift in Sources */ = {isa = PBXBuildFile; fileRef = 763241721FB764B4000B7A75 /* CodeChallengeUITests.swift */; };
		763241841FB765F9000B7A75 /* Network.swift in Sources */ = {isa = PBXBuildFile; fileRef = 763241831FB765F9000B7A75 /* Network.swift */; };
		763241871FB76680000B7A75 /* FeedViewController.swift in Sources */ = {isa = PBXBuildFile; fileRef = 763241861FB76680000B7A75 /* FeedViewController.swift */; };
		763241891FB766A8000B7A75 /* Api.swift in Sources */ = {isa = PBXBuildFile; fileRef = 763241881FB766A8000B7A75 /* Api.swift */; };
		7690A0356FE6DC30FF5329EF /* Pods_CodeChallenge.framework in Frameworks */ = {isa = PBXBuildFile; fileRef = E89CB8D92050508AE79F2A6D /* Pods_CodeChallenge.framework */; };
		76B79DEE1FB76AA00002CB87 /* UIColor+Hex.swift in Sources */ = {isa = PBXBuildFile; fileRef = 76B79DED1FB76AA00002CB87 /* UIColor+Hex.swift */; };
		76B79DF01FB76ADC0002CB87 /* AppColor.swift in Sources */ = {isa = PBXBuildFile; fileRef = 76B79DEF1FB76ADC0002CB87 /* AppColor.swift */; };
		76B79DF61FB76F1F0002CB87 /* AppStringStyle.swift in Sources */ = {isa = PBXBuildFile; fileRef = 76B79DF51FB76F1F0002CB87 /* AppStringStyle.swift */; };
		76B79DF81FB771160002CB87 /* GetFeedsService.swift in Sources */ = {isa = PBXBuildFile; fileRef = 76B79DF71FB771160002CB87 /* GetFeedsService.swift */; };
		76B79DFB1FB7783D0002CB87 /* Article.swift in Sources */ = {isa = PBXBuildFile; fileRef = 76B79DFA1FB7783D0002CB87 /* Article.swift */; };
		76E110C71FB77FFA0091659A /* FeedNode.swift in Sources */ = {isa = PBXBuildFile; fileRef = 76E110C61FB77FFA0091659A /* FeedNode.swift */; };
		76E110C91FB785EA0091659A /* Ultility.swift in Sources */ = {isa = PBXBuildFile; fileRef = 76E110C81FB785EA0091659A /* Ultility.swift */; };
		76E5BBEB1FB875B7004C37FE /* StoryboardBuilder.swift in Sources */ = {isa = PBXBuildFile; fileRef = 76E5BBEA1FB875B7004C37FE /* StoryboardBuilder.swift */; };
		76E5BBF01FB886A2004C37FE /* FeedCacheService.swift in Sources */ = {isa = PBXBuildFile; fileRef = 760AC1731FB83B9900B75A06 /* FeedCacheService.swift */; };
/* End PBXBuildFile section */

/* Begin PBXContainerItemProxy section */
		763241641FB764B4000B7A75 /* PBXContainerItemProxy */ = {
			isa = PBXContainerItemProxy;
			containerPortal = 763241441FB764B3000B7A75 /* Project object */;
			proxyType = 1;
			remoteGlobalIDString = 7632414B1FB764B4000B7A75;
			remoteInfo = CodeChallenge;
		};
		7632416F1FB764B4000B7A75 /* PBXContainerItemProxy */ = {
			isa = PBXContainerItemProxy;
			containerPortal = 763241441FB764B3000B7A75 /* Project object */;
			proxyType = 1;
			remoteGlobalIDString = 7632414B1FB764B4000B7A75;
			remoteInfo = CodeChallenge;
		};
/* End PBXContainerItemProxy section */

/* Begin PBXFileReference section */
		278AAF9062E5ADAD401002C7 /* Pods-CodeChallenge.release.xcconfig */ = {isa = PBXFileReference; includeInIndex = 1; lastKnownFileType = text.xcconfig; name = "Pods-CodeChallenge.release.xcconfig"; path = "Pods/Target Support Files/Pods-CodeChallenge/Pods-CodeChallenge.release.xcconfig"; sourceTree = "<group>"; };
		5BF06EA84C9D0C38C19EB1B0 /* Pods_CodeChallengeUITests.framework */ = {isa = PBXFileReference; explicitFileType = wrapper.framework; includeInIndex = 0; path = Pods_CodeChallengeUITests.framework; sourceTree = BUILT_PRODUCTS_DIR; };
		760AC16F1FB8329400B75A06 /* DetailViewController.swift */ = {isa = PBXFileReference; lastKnownFileType = sourcecode.swift; path = DetailViewController.swift; sourceTree = "<group>"; };
		760AC1711FB836A600B75A06 /* CacheArticle.swift */ = {isa = PBXFileReference; lastKnownFileType = sourcecode.swift; path = CacheArticle.swift; sourceTree = "<group>"; };
		760AC1731FB83B9900B75A06 /* FeedCacheService.swift */ = {isa = PBXFileReference; lastKnownFileType = sourcecode.swift; path = FeedCacheService.swift; sourceTree = "<group>"; };
		760AC1751FB8405300B75A06 /* Connectivity.swift */ = {isa = PBXFileReference; lastKnownFileType = sourcecode.swift; path = Connectivity.swift; sourceTree = "<group>"; };
		7623CF971FB88FD5006EC822 /* JsonParserTests.swift */ = {isa = PBXFileReference; lastKnownFileType = sourcecode.swift; path = JsonParserTests.swift; sourceTree = "<group>"; };
		7623CF9C1FB894DD006EC822 /* feeds.json */ = {isa = PBXFileReference; lastKnownFileType = text.json; path = feeds.json; sourceTree = "<group>"; };
		7632414C1FB764B4000B7A75 /* CodeChallenge.app */ = {isa = PBXFileReference; explicitFileType = wrapper.application; includeInIndex = 0; path = CodeChallenge.app; sourceTree = BUILT_PRODUCTS_DIR; };
		7632414F1FB764B4000B7A75 /* AppDelegate.swift */ = {isa = PBXFileReference; lastKnownFileType = sourcecode.swift; path = AppDelegate.swift; sourceTree = "<group>"; };
		763241541FB764B4000B7A75 /* Base */ = {isa = PBXFileReference; lastKnownFileType = file.storyboard; name = Base; path = Base.lproj/Main.storyboard; sourceTree = "<group>"; };
		763241571FB764B4000B7A75 /* CodeChallenge.xcdatamodel */ = {isa = PBXFileReference; lastKnownFileType = wrapper.xcdatamodel; path = CodeChallenge.xcdatamodel; sourceTree = "<group>"; };
		763241591FB764B4000B7A75 /* Assets.xcassets */ = {isa = PBXFileReference; lastKnownFileType = folder.assetcatalog; path = Assets.xcassets; sourceTree = "<group>"; };
		7632415C1FB764B4000B7A75 /* Base */ = {isa = PBXFileReference; lastKnownFileType = file.storyboard; name = Base; path = Base.lproj/LaunchScreen.storyboard; sourceTree = "<group>"; };
		7632415E1FB764B4000B7A75 /* Info.plist */ = {isa = PBXFileReference; lastKnownFileType = text.plist.xml; path = Info.plist; sourceTree = "<group>"; };
		763241631FB764B4000B7A75 /* CodeChallengeTests.xctest */ = {isa = PBXFileReference; explicitFileType = wrapper.cfbundle; includeInIndex = 0; path = CodeChallengeTests.xctest; sourceTree = BUILT_PRODUCTS_DIR; };
		763241691FB764B4000B7A75 /* Info.plist */ = {isa = PBXFileReference; lastKnownFileType = text.plist.xml; path = Info.plist; sourceTree = "<group>"; };
		7632416E1FB764B4000B7A75 /* CodeChallengeUITests.xctest */ = {isa = PBXFileReference; explicitFileType = wrapper.cfbundle; includeInIndex = 0; path = CodeChallengeUITests.xctest; sourceTree = BUILT_PRODUCTS_DIR; };
		763241721FB764B4000B7A75 /* CodeChallengeUITests.swift */ = {isa = PBXFileReference; lastKnownFileType = sourcecode.swift; path = CodeChallengeUITests.swift; sourceTree = "<group>"; };
		763241741FB764B4000B7A75 /* Info.plist */ = {isa = PBXFileReference; lastKnownFileType = text.plist.xml; path = Info.plist; sourceTree = "<group>"; };
		763241831FB765F9000B7A75 /* Network.swift */ = {isa = PBXFileReference; lastKnownFileType = sourcecode.swift; path = Network.swift; sourceTree = "<group>"; };
		763241861FB76680000B7A75 /* FeedViewController.swift */ = {isa = PBXFileReference; lastKnownFileType = sourcecode.swift; path = FeedViewController.swift; sourceTree = "<group>"; };
		763241881FB766A8000B7A75 /* Api.swift */ = {isa = PBXFileReference; lastKnownFileType = sourcecode.swift; path = Api.swift; sourceTree = "<group>"; };
		76B79DED1FB76AA00002CB87 /* UIColor+Hex.swift */ = {isa = PBXFileReference; lastKnownFileType = sourcecode.swift; path = "UIColor+Hex.swift"; sourceTree = "<group>"; };
		76B79DEF1FB76ADC0002CB87 /* AppColor.swift */ = {isa = PBXFileReference; lastKnownFileType = sourcecode.swift; path = AppColor.swift; sourceTree = "<group>"; };
		76B79DF31FB76E320002CB87 /* Localizable.strings */ = {isa = PBXFileReference; lastKnownFileType = text.plist.strings; name = Localizable.strings; path = /Users/VoxLong/Workspaces/CodeChallenge/CodeChallenge/Resources/Localizable.strings; sourceTree = "<absolute>"; };
		76B79DF51FB76F1F0002CB87 /* AppStringStyle.swift */ = {isa = PBXFileReference; lastKnownFileType = sourcecode.swift; path = AppStringStyle.swift; sourceTree = "<group>"; };
		76B79DF71FB771160002CB87 /* GetFeedsService.swift */ = {isa = PBXFileReference; lastKnownFileType = sourcecode.swift; path = GetFeedsService.swift; sourceTree = "<group>"; };
		76B79DFA1FB7783D0002CB87 /* Article.swift */ = {isa = PBXFileReference; lastKnownFileType = sourcecode.swift; path = Article.swift; sourceTree = "<group>"; };
		76E110C61FB77FFA0091659A /* FeedNode.swift */ = {isa = PBXFileReference; lastKnownFileType = sourcecode.swift; path = FeedNode.swift; sourceTree = "<group>"; };
		76E110C81FB785EA0091659A /* Ultility.swift */ = {isa = PBXFileReference; lastKnownFileType = sourcecode.swift; path = Ultility.swift; sourceTree = "<group>"; };
		76E5BBEA1FB875B7004C37FE /* StoryboardBuilder.swift */ = {isa = PBXFileReference; lastKnownFileType = sourcecode.swift; path = StoryboardBuilder.swift; sourceTree = "<group>"; };
		9001206A16F5007206AD3E41 /* Pods-CodeChallengeTests.debug.xcconfig */ = {isa = PBXFileReference; includeInIndex = 1; lastKnownFileType = text.xcconfig; name = "Pods-CodeChallengeTests.debug.xcconfig"; path = "Pods/Target Support Files/Pods-CodeChallengeTests/Pods-CodeChallengeTests.debug.xcconfig"; sourceTree = "<group>"; };
		B9DDACE3FCE08FF1507ABBB9 /* Pods_CodeChallengeTests.framework */ = {isa = PBXFileReference; explicitFileType = wrapper.framework; includeInIndex = 0; path = Pods_CodeChallengeTests.framework; sourceTree = BUILT_PRODUCTS_DIR; };
		CC4AAC6FFFAEBE922A8901FC /* Pods-CodeChallengeUITests.debug.xcconfig */ = {isa = PBXFileReference; includeInIndex = 1; lastKnownFileType = text.xcconfig; name = "Pods-CodeChallengeUITests.debug.xcconfig"; path = "Pods/Target Support Files/Pods-CodeChallengeUITests/Pods-CodeChallengeUITests.debug.xcconfig"; sourceTree = "<group>"; };
		D0634B83C58CDEED4D522ADE /* Pods-CodeChallengeUITests.release.xcconfig */ = {isa = PBXFileReference; includeInIndex = 1; lastKnownFileType = text.xcconfig; name = "Pods-CodeChallengeUITests.release.xcconfig"; path = "Pods/Target Support Files/Pods-CodeChallengeUITests/Pods-CodeChallengeUITests.release.xcconfig"; sourceTree = "<group>"; };
		DBADBA188CB0903B0C6106A2 /* Pods-CodeChallengeTests.release.xcconfig */ = {isa = PBXFileReference; includeInIndex = 1; lastKnownFileType = text.xcconfig; name = "Pods-CodeChallengeTests.release.xcconfig"; path = "Pods/Target Support Files/Pods-CodeChallengeTests/Pods-CodeChallengeTests.release.xcconfig"; sourceTree = "<group>"; };
		E89CB8D92050508AE79F2A6D /* Pods_CodeChallenge.framework */ = {isa = PBXFileReference; explicitFileType = wrapper.framework; includeInIndex = 0; path = Pods_CodeChallenge.framework; sourceTree = BUILT_PRODUCTS_DIR; };
		EF94636922184B6F1404395B /* Pods-CodeChallenge.debug.xcconfig */ = {isa = PBXFileReference; includeInIndex = 1; lastKnownFileType = text.xcconfig; name = "Pods-CodeChallenge.debug.xcconfig"; path = "Pods/Target Support Files/Pods-CodeChallenge/Pods-CodeChallenge.debug.xcconfig"; sourceTree = "<group>"; };
/* End PBXFileReference section */

/* Begin PBXFrameworksBuildPhase section */
		763241491FB764B4000B7A75 /* Frameworks */ = {
			isa = PBXFrameworksBuildPhase;
			buildActionMask = 2147483647;
			files = (
				7690A0356FE6DC30FF5329EF /* Pods_CodeChallenge.framework in Frameworks */,
			);
			runOnlyForDeploymentPostprocessing = 0;
		};
		763241601FB764B4000B7A75 /* Frameworks */ = {
			isa = PBXFrameworksBuildPhase;
			buildActionMask = 2147483647;
			files = (
				1198A8A1DCAB1A3E69F054FA /* Pods_CodeChallengeTests.framework in Frameworks */,
			);
			runOnlyForDeploymentPostprocessing = 0;
		};
		7632416B1FB764B4000B7A75 /* Frameworks */ = {
			isa = PBXFrameworksBuildPhase;
			buildActionMask = 2147483647;
			files = (
				4569C764D6F324489052CFAF /* Pods_CodeChallengeUITests.framework in Frameworks */,
			);
			runOnlyForDeploymentPostprocessing = 0;
		};
/* End PBXFrameworksBuildPhase section */

/* Begin PBXGroup section */
		28585E57D9AA89D4A45E5721 /* Pods */ = {
			isa = PBXGroup;
			children = (
				EF94636922184B6F1404395B /* Pods-CodeChallenge.debug.xcconfig */,
				278AAF9062E5ADAD401002C7 /* Pods-CodeChallenge.release.xcconfig */,
				9001206A16F5007206AD3E41 /* Pods-CodeChallengeTests.debug.xcconfig */,
				DBADBA188CB0903B0C6106A2 /* Pods-CodeChallengeTests.release.xcconfig */,
				CC4AAC6FFFAEBE922A8901FC /* Pods-CodeChallengeUITests.debug.xcconfig */,
				D0634B83C58CDEED4D522ADE /* Pods-CodeChallengeUITests.release.xcconfig */,
			);
			name = Pods;
			sourceTree = "<group>";
		};
		4B96B8A1698FB849D8A385DE /* Frameworks */ = {
			isa = PBXGroup;
			children = (
				E89CB8D92050508AE79F2A6D /* Pods_CodeChallenge.framework */,
				B9DDACE3FCE08FF1507ABBB9 /* Pods_CodeChallengeTests.framework */,
				5BF06EA84C9D0C38C19EB1B0 /* Pods_CodeChallengeUITests.framework */,
			);
			name = Frameworks;
			sourceTree = "<group>";
		};
		760AC16E1FB8327A00B75A06 /* ViewControllers */ = {
			isa = PBXGroup;
			children = (
				760AC16F1FB8329400B75A06 /* DetailViewController.swift */,
			);
			path = ViewControllers;
			sourceTree = "<group>";
		};
		763241431FB764B3000B7A75 = {
			isa = PBXGroup;
			children = (
				7632414E1FB764B4000B7A75 /* CodeChallenge */,
				763241661FB764B4000B7A75 /* CodeChallengeTests */,
				763241711FB764B4000B7A75 /* CodeChallengeUITests */,
				7632414D1FB764B4000B7A75 /* Products */,
				28585E57D9AA89D4A45E5721 /* Pods */,
				4B96B8A1698FB849D8A385DE /* Frameworks */,
			);
			sourceTree = "<group>";
		};
		7632414D1FB764B4000B7A75 /* Products */ = {
			isa = PBXGroup;
			children = (
				7632414C1FB764B4000B7A75 /* CodeChallenge.app */,
				763241631FB764B4000B7A75 /* CodeChallengeTests.xctest */,
				7632416E1FB764B4000B7A75 /* CodeChallengeUITests.xctest */,
			);
			name = Products;
			sourceTree = "<group>";
		};
		7632414E1FB764B4000B7A75 /* CodeChallenge */ = {
			isa = PBXGroup;
			children = (
				76B79DF41FB76E3C0002CB87 /* Resources */,
				763241811FB76590000B7A75 /* Modules */,
				763241801FB76566000B7A75 /* Common */,
				7632414F1FB764B4000B7A75 /* AppDelegate.swift */,
				763241531FB764B4000B7A75 /* Main.storyboard */,
				763241591FB764B4000B7A75 /* Assets.xcassets */,
				7632415B1FB764B4000B7A75 /* LaunchScreen.storyboard */,
				7632415E1FB764B4000B7A75 /* Info.plist */,
				763241561FB764B4000B7A75 /* CodeChallenge.xcdatamodeld */,
			);
			path = CodeChallenge;
			sourceTree = "<group>";
		};
		763241661FB764B4000B7A75 /* CodeChallengeTests */ = {
			isa = PBXGroup;
			children = (
				7623CF9C1FB894DD006EC822 /* feeds.json */,
				7623CF971FB88FD5006EC822 /* JsonParserTests.swift */,
				763241691FB764B4000B7A75 /* Info.plist */,
			);
			path = CodeChallengeTests;
			sourceTree = "<group>";
		};
		763241711FB764B4000B7A75 /* CodeChallengeUITests */ = {
			isa = PBXGroup;
			children = (
				763241721FB764B4000B7A75 /* CodeChallengeUITests.swift */,
				763241741FB764B4000B7A75 /* Info.plist */,
			);
			path = CodeChallengeUITests;
			sourceTree = "<group>";
		};
		763241801FB76566000B7A75 /* Common */ = {
			isa = PBXGroup;
			children = (
				76B79DEC1FB76A950002CB87 /* Color */,
				763241821FB7659B000B7A75 /* Network */,
				76B79DF51FB76F1F0002CB87 /* AppStringStyle.swift */,
				76E110C81FB785EA0091659A /* Ultility.swift */,
				760AC1751FB8405300B75A06 /* Connectivity.swift */,
				76E5BBEA1FB875B7004C37FE /* StoryboardBuilder.swift */,
			);
			path = Common;
			sourceTree = "<group>";
		};
		763241811FB76590000B7A75 /* Modules */ = {
			isa = PBXGroup;
			children = (
				76E110CA1FB790860091659A /* Detail */,
				763241851FB7666E000B7A75 /* Feeds */,
			);
			path = Modules;
			sourceTree = "<group>";
		};
		763241821FB7659B000B7A75 /* Network */ = {
			isa = PBXGroup;
			children = (
				763241831FB765F9000B7A75 /* Network.swift */,
				763241881FB766A8000B7A75 /* Api.swift */,
			);
			path = Network;
			sourceTree = "<group>";
		};
		763241851FB7666E000B7A75 /* Feeds */ = {
			isa = PBXGroup;
			children = (
				76B79DF91FB778310002CB87 /* Model */,
				7632418C1FB76902000B7A75 /* ViewControllers */,
				7632418B1FB768F0000B7A75 /* View */,
				7632418A1FB768DF000B7A75 /* Services */,
			);
			path = Feeds;
			sourceTree = "<group>";
		};
		7632418A1FB768DF000B7A75 /* Services */ = {
			isa = PBXGroup;
			children = (
				76B79DF71FB771160002CB87 /* GetFeedsService.swift */,
				760AC1731FB83B9900B75A06 /* FeedCacheService.swift */,
			);
			path = Services;
			sourceTree = "<group>";
		};
		7632418B1FB768F0000B7A75 /* View */ = {
			isa = PBXGroup;
			children = (
				76E110C61FB77FFA0091659A /* FeedNode.swift */,
			);
			path = View;
			sourceTree = "<group>";
		};
		7632418C1FB76902000B7A75 /* ViewControllers */ = {
			isa = PBXGroup;
			children = (
				763241861FB76680000B7A75 /* FeedViewController.swift */,
			);
			path = ViewControllers;
			sourceTree = "<group>";
		};
		76B79DEC1FB76A950002CB87 /* Color */ = {
			isa = PBXGroup;
			children = (
				76B79DED1FB76AA00002CB87 /* UIColor+Hex.swift */,
				76B79DEF1FB76ADC0002CB87 /* AppColor.swift */,
			);
			path = Color;
			sourceTree = "<group>";
		};
		76B79DF41FB76E3C0002CB87 /* Resources */ = {
			isa = PBXGroup;
			children = (
				76B79DF31FB76E320002CB87 /* Localizable.strings */,
			);
			path = Resources;
			sourceTree = "<group>";
		};
		76B79DF91FB778310002CB87 /* Model */ = {
			isa = PBXGroup;
			children = (
				76B79DFA1FB7783D0002CB87 /* Article.swift */,
				760AC1711FB836A600B75A06 /* CacheArticle.swift */,
			);
			path = Model;
			sourceTree = "<group>";
		};
		76E110CA1FB790860091659A /* Detail */ = {
			isa = PBXGroup;
			children = (
				760AC16E1FB8327A00B75A06 /* ViewControllers */,
			);
			path = Detail;
			sourceTree = "<group>";
		};
/* End PBXGroup section */

/* Begin PBXNativeTarget section */
		7632414B1FB764B4000B7A75 /* CodeChallenge */ = {
			isa = PBXNativeTarget;
			buildConfigurationList = 763241771FB764B4000B7A75 /* Build configuration list for PBXNativeTarget "CodeChallenge" */;
			buildPhases = (
				31D4A2F102F2170650B68180 /* [CP] Check Pods Manifest.lock */,
				763241481FB764B4000B7A75 /* Sources */,
				763241491FB764B4000B7A75 /* Frameworks */,
				7632414A1FB764B4000B7A75 /* Resources */,
				B3B9E89ACD4AB963CDEDBB60 /* [CP] Embed Pods Frameworks */,
				747E8AA52EDA3F48398E069A /* [CP] Copy Pods Resources */,
			);
			buildRules = (
			);
			dependencies = (
			);
			name = CodeChallenge;
			productName = CodeChallenge;
			productReference = 7632414C1FB764B4000B7A75 /* CodeChallenge.app */;
			productType = "com.apple.product-type.application";
		};
		763241621FB764B4000B7A75 /* CodeChallengeTests */ = {
			isa = PBXNativeTarget;
			buildConfigurationList = 7632417A1FB764B4000B7A75 /* Build configuration list for PBXNativeTarget "CodeChallengeTests" */;
			buildPhases = (
				96D0A24B4398404C68D4BDFD /* [CP] Check Pods Manifest.lock */,
				7632415F1FB764B4000B7A75 /* Sources */,
				763241601FB764B4000B7A75 /* Frameworks */,
				763241611FB764B4000B7A75 /* Resources */,
				34C6CD76463AA1B0E86354B0 /* [CP] Embed Pods Frameworks */,
				DD6D298BE6D410A896E14317 /* [CP] Copy Pods Resources */,
			);
			buildRules = (
			);
			dependencies = (
				763241651FB764B4000B7A75 /* PBXTargetDependency */,
			);
			name = CodeChallengeTests;
			productName = CodeChallengeTests;
			productReference = 763241631FB764B4000B7A75 /* CodeChallengeTests.xctest */;
			productType = "com.apple.product-type.bundle.unit-test";
		};
		7632416D1FB764B4000B7A75 /* CodeChallengeUITests */ = {
			isa = PBXNativeTarget;
			buildConfigurationList = 7632417D1FB764B4000B7A75 /* Build configuration list for PBXNativeTarget "CodeChallengeUITests" */;
			buildPhases = (
				1885345353544996FA510A8B /* [CP] Check Pods Manifest.lock */,
				7632416A1FB764B4000B7A75 /* Sources */,
				7632416B1FB764B4000B7A75 /* Frameworks */,
				7632416C1FB764B4000B7A75 /* Resources */,
				D87A5A6EE3A787AC0E668856 /* [CP] Embed Pods Frameworks */,
				7D7EB70DBE6EE57DD0686178 /* [CP] Copy Pods Resources */,
			);
			buildRules = (
			);
			dependencies = (
				763241701FB764B4000B7A75 /* PBXTargetDependency */,
			);
			name = CodeChallengeUITests;
			productName = CodeChallengeUITests;
			productReference = 7632416E1FB764B4000B7A75 /* CodeChallengeUITests.xctest */;
			productType = "com.apple.product-type.bundle.ui-testing";
		};
/* End PBXNativeTarget section */

/* Begin PBXProject section */
		763241441FB764B3000B7A75 /* Project object */ = {
			isa = PBXProject;
			attributes = {
				LastSwiftUpdateCheck = 0900;
				LastUpgradeCheck = 0900;
				ORGANIZATIONNAME = com;
				TargetAttributes = {
					7632414B1FB764B4000B7A75 = {
						CreatedOnToolsVersion = 9.0;
						ProvisioningStyle = Automatic;
					};
					763241621FB764B4000B7A75 = {
						CreatedOnToolsVersion = 9.0;
						ProvisioningStyle = Automatic;
						TestTargetID = 7632414B1FB764B4000B7A75;
					};
					7632416D1FB764B4000B7A75 = {
						CreatedOnToolsVersion = 9.0;
						ProvisioningStyle = Automatic;
						TestTargetID = 7632414B1FB764B4000B7A75;
					};
				};
			};
			buildConfigurationList = 763241471FB764B3000B7A75 /* Build configuration list for PBXProject "CodeChallenge" */;
			compatibilityVersion = "Xcode 8.0";
			developmentRegion = en;
			hasScannedForEncodings = 0;
			knownRegions = (
				en,
				Base,
			);
			mainGroup = 763241431FB764B3000B7A75;
			productRefGroup = 7632414D1FB764B4000B7A75 /* Products */;
			projectDirPath = "";
			projectRoot = "";
			targets = (
				7632414B1FB764B4000B7A75 /* CodeChallenge */,
				763241621FB764B4000B7A75 /* CodeChallengeTests */,
				7632416D1FB764B4000B7A75 /* CodeChallengeUITests */,
			);
		};
/* End PBXProject section */

/* Begin PBXResourcesBuildPhase section */
		7632414A1FB764B4000B7A75 /* Resources */ = {
			isa = PBXResourcesBuildPhase;
			buildActionMask = 2147483647;
			files = (
				7632415D1FB764B4000B7A75 /* LaunchScreen.storyboard in Resources */,
				7632415A1FB764B4000B7A75 /* Assets.xcassets in Resources */,
				763241551FB764B4000B7A75 /* Main.storyboard in Resources */,
			);
			runOnlyForDeploymentPostprocessing = 0;
		};
		763241611FB764B4000B7A75 /* Resources */ = {
			isa = PBXResourcesBuildPhase;
			buildActionMask = 2147483647;
			files = (
				7623CFA51FB8998A006EC822 /* feeds.json in Resources */,
			);
			runOnlyForDeploymentPostprocessing = 0;
		};
		7632416C1FB764B4000B7A75 /* Resources */ = {
			isa = PBXResourcesBuildPhase;
			buildActionMask = 2147483647;
			files = (
			);
			runOnlyForDeploymentPostprocessing = 0;
		};
/* End PBXResourcesBuildPhase section */

/* Begin PBXShellScriptBuildPhase section */
		1885345353544996FA510A8B /* [CP] Check Pods Manifest.lock */ = {
			isa = PBXShellScriptBuildPhase;
			buildActionMask = 2147483647;
			files = (
			);
			inputPaths = (
				"${PODS_PODFILE_DIR_PATH}/Podfile.lock",
				"${PODS_ROOT}/Manifest.lock",
			);
			name = "[CP] Check Pods Manifest.lock";
			outputPaths = (
				"$(DERIVED_FILE_DIR)/Pods-CodeChallengeUITests-checkManifestLockResult.txt",
			);
			runOnlyForDeploymentPostprocessing = 0;
			shellPath = /bin/sh;
			shellScript = "diff \"${PODS_PODFILE_DIR_PATH}/Podfile.lock\" \"${PODS_ROOT}/Manifest.lock\" > /dev/null\nif [ $? != 0 ] ; then\n    # print error to STDERR\n    echo \"error: The sandbox is not in sync with the Podfile.lock. Run 'pod install' or update your CocoaPods installation.\" >&2\n    exit 1\nfi\n# This output is used by Xcode 'outputs' to avoid re-running this script phase.\necho \"SUCCESS\" > \"${SCRIPT_OUTPUT_FILE_0}\"\n";
			showEnvVarsInLog = 0;
		};
		31D4A2F102F2170650B68180 /* [CP] Check Pods Manifest.lock */ = {
			isa = PBXShellScriptBuildPhase;
			buildActionMask = 2147483647;
			files = (
			);
			inputPaths = (
				"${PODS_PODFILE_DIR_PATH}/Podfile.lock",
				"${PODS_ROOT}/Manifest.lock",
			);
			name = "[CP] Check Pods Manifest.lock";
			outputPaths = (
				"$(DERIVED_FILE_DIR)/Pods-CodeChallenge-checkManifestLockResult.txt",
			);
			runOnlyForDeploymentPostprocessing = 0;
			shellPath = /bin/sh;
			shellScript = "diff \"${PODS_PODFILE_DIR_PATH}/Podfile.lock\" \"${PODS_ROOT}/Manifest.lock\" > /dev/null\nif [ $? != 0 ] ; then\n    # print error to STDERR\n    echo \"error: The sandbox is not in sync with the Podfile.lock. Run 'pod install' or update your CocoaPods installation.\" >&2\n    exit 1\nfi\n# This output is used by Xcode 'outputs' to avoid re-running this script phase.\necho \"SUCCESS\" > \"${SCRIPT_OUTPUT_FILE_0}\"\n";
			showEnvVarsInLog = 0;
		};
		34C6CD76463AA1B0E86354B0 /* [CP] Embed Pods Frameworks */ = {
			isa = PBXShellScriptBuildPhase;
			buildActionMask = 2147483647;
			files = (
			);
			inputPaths = (
				"${SRCROOT}/Pods/Target Support Files/Pods-CodeChallengeTests/Pods-CodeChallengeTests-frameworks.sh",
				"${BUILT_PRODUCTS_DIR}/SwiftyJSON/SwiftyJSON.framework",
			);
			name = "[CP] Embed Pods Frameworks";
			outputPaths = (
				"${TARGET_BUILD_DIR}/${FRAMEWORKS_FOLDER_PATH}/SwiftyJSON.framework",
			);
			runOnlyForDeploymentPostprocessing = 0;
			shellPath = /bin/sh;
			shellScript = "\"${SRCROOT}/Pods/Target Support Files/Pods-CodeChallengeTests/Pods-CodeChallengeTests-frameworks.sh\"\n";
			showEnvVarsInLog = 0;
		};
		747E8AA52EDA3F48398E069A /* [CP] Copy Pods Resources */ = {
			isa = PBXShellScriptBuildPhase;
			buildActionMask = 2147483647;
			files = (
			);
			inputPaths = (
			);
			name = "[CP] Copy Pods Resources";
			outputPaths = (
			);
			runOnlyForDeploymentPostprocessing = 0;
			shellPath = /bin/sh;
			shellScript = "\"${SRCROOT}/Pods/Target Support Files/Pods-CodeChallenge/Pods-CodeChallenge-resources.sh\"\n";
			showEnvVarsInLog = 0;
		};
		7D7EB70DBE6EE57DD0686178 /* [CP] Copy Pods Resources */ = {
			isa = PBXShellScriptBuildPhase;
			buildActionMask = 2147483647;
			files = (
			);
			inputPaths = (
			);
			name = "[CP] Copy Pods Resources";
			outputPaths = (
			);
			runOnlyForDeploymentPostprocessing = 0;
			shellPath = /bin/sh;
			shellScript = "\"${SRCROOT}/Pods/Target Support Files/Pods-CodeChallengeUITests/Pods-CodeChallengeUITests-resources.sh\"\n";
			showEnvVarsInLog = 0;
		};
		96D0A24B4398404C68D4BDFD /* [CP] Check Pods Manifest.lock */ = {
			isa = PBXShellScriptBuildPhase;
			buildActionMask = 2147483647;
			files = (
			);
			inputPaths = (
				"${PODS_PODFILE_DIR_PATH}/Podfile.lock",
				"${PODS_ROOT}/Manifest.lock",
			);
			name = "[CP] Check Pods Manifest.lock";
			outputPaths = (
				"$(DERIVED_FILE_DIR)/Pods-CodeChallengeTests-checkManifestLockResult.txt",
			);
			runOnlyForDeploymentPostprocessing = 0;
			shellPath = /bin/sh;
			shellScript = "diff \"${PODS_PODFILE_DIR_PATH}/Podfile.lock\" \"${PODS_ROOT}/Manifest.lock\" > /dev/null\nif [ $? != 0 ] ; then\n    # print error to STDERR\n    echo \"error: The sandbox is not in sync with the Podfile.lock. Run 'pod install' or update your CocoaPods installation.\" >&2\n    exit 1\nfi\n# This output is used by Xcode 'outputs' to avoid re-running this script phase.\necho \"SUCCESS\" > \"${SCRIPT_OUTPUT_FILE_0}\"\n";
			showEnvVarsInLog = 0;
		};
		B3B9E89ACD4AB963CDEDBB60 /* [CP] Embed Pods Frameworks */ = {
			isa = PBXShellScriptBuildPhase;
			buildActionMask = 2147483647;
			files = (
			);
			inputPaths = (
				"${SRCROOT}/Pods/Target Support Files/Pods-CodeChallenge/Pods-CodeChallenge-frameworks.sh",
				"${BUILT_PRODUCTS_DIR}/Alamofire/Alamofire.framework",
				"${BUILT_PRODUCTS_DIR}/PINCache/PINCache.framework",
				"${BUILT_PRODUCTS_DIR}/PINOperation/PINOperation.framework",
				"${BUILT_PRODUCTS_DIR}/PINRemoteImage/PINRemoteImage.framework",
				"${BUILT_PRODUCTS_DIR}/Realm/Realm.framework",
				"${BUILT_PRODUCTS_DIR}/RealmSwift/RealmSwift.framework",
				"${BUILT_PRODUCTS_DIR}/SwiftyJSON/SwiftyJSON.framework",
				"${BUILT_PRODUCTS_DIR}/Texture/AsyncDisplayKit.framework",
			);
			name = "[CP] Embed Pods Frameworks";
			outputPaths = (
				"${TARGET_BUILD_DIR}/${FRAMEWORKS_FOLDER_PATH}/Alamofire.framework",
				"${TARGET_BUILD_DIR}/${FRAMEWORKS_FOLDER_PATH}/PINCache.framework",
				"${TARGET_BUILD_DIR}/${FRAMEWORKS_FOLDER_PATH}/PINOperation.framework",
				"${TARGET_BUILD_DIR}/${FRAMEWORKS_FOLDER_PATH}/PINRemoteImage.framework",
				"${TARGET_BUILD_DIR}/${FRAMEWORKS_FOLDER_PATH}/Realm.framework",
				"${TARGET_BUILD_DIR}/${FRAMEWORKS_FOLDER_PATH}/RealmSwift.framework",
				"${TARGET_BUILD_DIR}/${FRAMEWORKS_FOLDER_PATH}/SwiftyJSON.framework",
				"${TARGET_BUILD_DIR}/${FRAMEWORKS_FOLDER_PATH}/AsyncDisplayKit.framework",
			);
			runOnlyForDeploymentPostprocessing = 0;
			shellPath = /bin/sh;
			shellScript = "\"${SRCROOT}/Pods/Target Support Files/Pods-CodeChallenge/Pods-CodeChallenge-frameworks.sh\"\n";
			showEnvVarsInLog = 0;
		};
		D87A5A6EE3A787AC0E668856 /* [CP] Embed Pods Frameworks */ = {
			isa = PBXShellScriptBuildPhase;
			buildActionMask = 2147483647;
			files = (
			);
			inputPaths = (
			);
			name = "[CP] Embed Pods Frameworks";
			outputPaths = (
			);
			runOnlyForDeploymentPostprocessing = 0;
			shellPath = /bin/sh;
			shellScript = "\"${SRCROOT}/Pods/Target Support Files/Pods-CodeChallengeUITests/Pods-CodeChallengeUITests-frameworks.sh\"\n";
			showEnvVarsInLog = 0;
		};
		DD6D298BE6D410A896E14317 /* [CP] Copy Pods Resources */ = {
			isa = PBXShellScriptBuildPhase;
			buildActionMask = 2147483647;
			files = (
			);
			inputPaths = (
			);
			name = "[CP] Copy Pods Resources";
			outputPaths = (
			);
			runOnlyForDeploymentPostprocessing = 0;
			shellPath = /bin/sh;
			shellScript = "\"${SRCROOT}/Pods/Target Support Files/Pods-CodeChallengeTests/Pods-CodeChallengeTests-resources.sh\"\n";
			showEnvVarsInLog = 0;
		};
/* End PBXShellScriptBuildPhase section */

/* Begin PBXSourcesBuildPhase section */
		763241481FB764B4000B7A75 /* Sources */ = {
			isa = PBXSourcesBuildPhase;
			buildActionMask = 2147483647;
			files = (
				760AC1701FB8329400B75A06 /* DetailViewController.swift in Sources */,
				76B79DFB1FB7783D0002CB87 /* Article.swift in Sources */,
				763241581FB764B4000B7A75 /* CodeChallenge.xcdatamodeld in Sources */,
				76E110C91FB785EA0091659A /* Ultility.swift in Sources */,
				763241501FB764B4000B7A75 /* AppDelegate.swift in Sources */,
				763241871FB76680000B7A75 /* FeedViewController.swift in Sources */,
				76B79DF01FB76ADC0002CB87 /* AppColor.swift in Sources */,
				76B79DEE1FB76AA00002CB87 /* UIColor+Hex.swift in Sources */,
				76E110C71FB77FFA0091659A /* FeedNode.swift in Sources */,
				763241891FB766A8000B7A75 /* Api.swift in Sources */,
				76E5BBEB1FB875B7004C37FE /* StoryboardBuilder.swift in Sources */,
				763241841FB765F9000B7A75 /* Network.swift in Sources */,
				76B79DF81FB771160002CB87 /* GetFeedsService.swift in Sources */,
				760AC1761FB8405300B75A06 /* Connectivity.swift in Sources */,
				76B79DF61FB76F1F0002CB87 /* AppStringStyle.swift in Sources */,
				760AC1721FB836A600B75A06 /* CacheArticle.swift in Sources */,
				760AC1741FB83B9A00B75A06 /* FeedCacheService.swift in Sources */,
			);
			runOnlyForDeploymentPostprocessing = 0;
		};
		7632415F1FB764B4000B7A75 /* Sources */ = {
			isa = PBXSourcesBuildPhase;
			buildActionMask = 2147483647;
			files = (
				7623CFA41FB89897006EC822 /* AppStringStyle.swift in Sources */,
				7623CF9E1FB89881006EC822 /* Article.swift in Sources */,
				7623CF9F1FB89881006EC822 /* CacheArticle.swift in Sources */,
				7623CFA01FB89881006EC822 /* Network.swift in Sources */,
				7623CFA11FB89881006EC822 /* Api.swift in Sources */,
				7623CFA21FB89881006EC822 /* Ultility.swift in Sources */,
				7623CFA31FB89881006EC822 /* Connectivity.swift in Sources */,
				76E5BBF01FB886A2004C37FE /* FeedCacheService.swift in Sources */,
				7623CF9B1FB893D7006EC822 /* GetFeedsService.swift in Sources */,
				7623CF981FB88FD5006EC822 /* JsonParserTests.swift in Sources */,
			);
			runOnlyForDeploymentPostprocessing = 0;
		};
		7632416A1FB764B4000B7A75 /* Sources */ = {
			isa = PBXSourcesBuildPhase;
			buildActionMask = 2147483647;
			files = (
				763241731FB764B4000B7A75 /* CodeChallengeUITests.swift in Sources */,
			);
			runOnlyForDeploymentPostprocessing = 0;
		};
/* End PBXSourcesBuildPhase section */

/* Begin PBXTargetDependency section */
		763241651FB764B4000B7A75 /* PBXTargetDependency */ = {
			isa = PBXTargetDependency;
			target = 7632414B1FB764B4000B7A75 /* CodeChallenge */;
			targetProxy = 763241641FB764B4000B7A75 /* PBXContainerItemProxy */;
		};
		763241701FB764B4000B7A75 /* PBXTargetDependency */ = {
			isa = PBXTargetDependency;
			target = 7632414B1FB764B4000B7A75 /* CodeChallenge */;
			targetProxy = 7632416F1FB764B4000B7A75 /* PBXContainerItemProxy */;
		};
/* End PBXTargetDependency section */

/* Begin PBXVariantGroup section */
		763241531FB764B4000B7A75 /* Main.storyboard */ = {
			isa = PBXVariantGroup;
			children = (
				763241541FB764B4000B7A75 /* Base */,
			);
			name = Main.storyboard;
			sourceTree = "<group>";
		};
		7632415B1FB764B4000B7A75 /* LaunchScreen.storyboard */ = {
			isa = PBXVariantGroup;
			children = (
				7632415C1FB764B4000B7A75 /* Base */,
			);
			name = LaunchScreen.storyboard;
			sourceTree = "<group>";
		};
/* End PBXVariantGroup section */

/* Begin XCBuildConfiguration section */
		763241751FB764B4000B7A75 /* Debug */ = {
			isa = XCBuildConfiguration;
			buildSettings = {
				ALWAYS_SEARCH_USER_PATHS = NO;
				CLANG_ANALYZER_NONNULL = YES;
				CLANG_ANALYZER_NUMBER_OBJECT_CONVERSION = YES_AGGRESSIVE;
				CLANG_CXX_LANGUAGE_STANDARD = "gnu++14";
				CLANG_CXX_LIBRARY = "libc++";
				CLANG_ENABLE_MODULES = YES;
				CLANG_ENABLE_OBJC_ARC = YES;
				CLANG_WARN_BLOCK_CAPTURE_AUTORELEASING = YES;
				CLANG_WARN_BOOL_CONVERSION = YES;
				CLANG_WARN_COMMA = YES;
				CLANG_WARN_CONSTANT_CONVERSION = YES;
				CLANG_WARN_DIRECT_OBJC_ISA_USAGE = YES_ERROR;
				CLANG_WARN_DOCUMENTATION_COMMENTS = YES;
				CLANG_WARN_EMPTY_BODY = YES;
				CLANG_WARN_ENUM_CONVERSION = YES;
				CLANG_WARN_INFINITE_RECURSION = YES;
				CLANG_WARN_INT_CONVERSION = YES;
				CLANG_WARN_NON_LITERAL_NULL_CONVERSION = YES;
				CLANG_WARN_OBJC_LITERAL_CONVERSION = YES;
				CLANG_WARN_OBJC_ROOT_CLASS = YES_ERROR;
				CLANG_WARN_RANGE_LOOP_ANALYSIS = YES;
				CLANG_WARN_STRICT_PROTOTYPES = YES;
				CLANG_WARN_SUSPICIOUS_MOVE = YES;
				CLANG_WARN_UNGUARDED_AVAILABILITY = YES_AGGRESSIVE;
				CLANG_WARN_UNREACHABLE_CODE = YES;
				CLANG_WARN__DUPLICATE_METHOD_MATCH = YES;
				CODE_SIGN_IDENTITY = "iPhone Developer";
				COPY_PHASE_STRIP = NO;
				DEBUG_INFORMATION_FORMAT = dwarf;
				ENABLE_STRICT_OBJC_MSGSEND = YES;
				ENABLE_TESTABILITY = YES;
				GCC_C_LANGUAGE_STANDARD = gnu11;
				GCC_DYNAMIC_NO_PIC = NO;
				GCC_NO_COMMON_BLOCKS = YES;
				GCC_OPTIMIZATION_LEVEL = 0;
				GCC_PREPROCESSOR_DEFINITIONS = (
					"DEBUG=1",
					"$(inherited)",
				);
				GCC_WARN_64_TO_32_BIT_CONVERSION = YES;
				GCC_WARN_ABOUT_RETURN_TYPE = YES_ERROR;
				GCC_WARN_UNDECLARED_SELECTOR = YES;
				GCC_WARN_UNINITIALIZED_AUTOS = YES_AGGRESSIVE;
				GCC_WARN_UNUSED_FUNCTION = YES;
				GCC_WARN_UNUSED_VARIABLE = YES;
				IPHONEOS_DEPLOYMENT_TARGET = 10.0;
				MTL_ENABLE_DEBUG_INFO = YES;
				ONLY_ACTIVE_ARCH = YES;
				SDKROOT = iphoneos;
				SWIFT_ACTIVE_COMPILATION_CONDITIONS = DEBUG;
				SWIFT_OPTIMIZATION_LEVEL = "-Onone";
			};
			name = Debug;
		};
		763241761FB764B4000B7A75 /* Release */ = {
			isa = XCBuildConfiguration;
			buildSettings = {
				ALWAYS_SEARCH_USER_PATHS = NO;
				CLANG_ANALYZER_NONNULL = YES;
				CLANG_ANALYZER_NUMBER_OBJECT_CONVERSION = YES_AGGRESSIVE;
				CLANG_CXX_LANGUAGE_STANDARD = "gnu++14";
				CLANG_CXX_LIBRARY = "libc++";
				CLANG_ENABLE_MODULES = YES;
				CLANG_ENABLE_OBJC_ARC = YES;
				CLANG_WARN_BLOCK_CAPTURE_AUTORELEASING = YES;
				CLANG_WARN_BOOL_CONVERSION = YES;
				CLANG_WARN_COMMA = YES;
				CLANG_WARN_CONSTANT_CONVERSION = YES;
				CLANG_WARN_DIRECT_OBJC_ISA_USAGE = YES_ERROR;
				CLANG_WARN_DOCUMENTATION_COMMENTS = YES;
				CLANG_WARN_EMPTY_BODY = YES;
				CLANG_WARN_ENUM_CONVERSION = YES;
				CLANG_WARN_INFINITE_RECURSION = YES;
				CLANG_WARN_INT_CONVERSION = YES;
				CLANG_WARN_NON_LITERAL_NULL_CONVERSION = YES;
				CLANG_WARN_OBJC_LITERAL_CONVERSION = YES;
				CLANG_WARN_OBJC_ROOT_CLASS = YES_ERROR;
				CLANG_WARN_RANGE_LOOP_ANALYSIS = YES;
				CLANG_WARN_STRICT_PROTOTYPES = YES;
				CLANG_WARN_SUSPICIOUS_MOVE = YES;
				CLANG_WARN_UNGUARDED_AVAILABILITY = YES_AGGRESSIVE;
				CLANG_WARN_UNREACHABLE_CODE = YES;
				CLANG_WARN__DUPLICATE_METHOD_MATCH = YES;
				CODE_SIGN_IDENTITY = "iPhone Developer";
				COPY_PHASE_STRIP = NO;
				DEBUG_INFORMATION_FORMAT = "dwarf-with-dsym";
				ENABLE_NS_ASSERTIONS = NO;
				ENABLE_STRICT_OBJC_MSGSEND = YES;
				GCC_C_LANGUAGE_STANDARD = gnu11;
				GCC_NO_COMMON_BLOCKS = YES;
				GCC_WARN_64_TO_32_BIT_CONVERSION = YES;
				GCC_WARN_ABOUT_RETURN_TYPE = YES_ERROR;
				GCC_WARN_UNDECLARED_SELECTOR = YES;
				GCC_WARN_UNINITIALIZED_AUTOS = YES_AGGRESSIVE;
				GCC_WARN_UNUSED_FUNCTION = YES;
				GCC_WARN_UNUSED_VARIABLE = YES;
				IPHONEOS_DEPLOYMENT_TARGET = 10.0;
				MTL_ENABLE_DEBUG_INFO = NO;
				SDKROOT = iphoneos;
				SWIFT_OPTIMIZATION_LEVEL = "-Owholemodule";
				VALIDATE_PRODUCT = YES;
			};
			name = Release;
		};
		763241781FB764B4000B7A75 /* Debug */ = {
			isa = XCBuildConfiguration;
			baseConfigurationReference = EF94636922184B6F1404395B /* Pods-CodeChallenge.debug.xcconfig */;
			buildSettings = {
				ASSETCATALOG_COMPILER_APPICON_NAME = AppIcon;
				CODE_SIGN_STYLE = Automatic;
				DEVELOPMENT_TEAM = KZ393C2ZW7;
				INFOPLIST_FILE = CodeChallenge/Info.plist;
				LD_RUNPATH_SEARCH_PATHS = "$(inherited) @executable_path/Frameworks";
				PRODUCT_BUNDLE_IDENTIFIER = com.test.CodeChallenge;
				PRODUCT_NAME = "$(TARGET_NAME)";
				SWIFT_VERSION = 4.0;
				TARGETED_DEVICE_FAMILY = "1,2";
			};
			name = Debug;
		};
		763241791FB764B4000B7A75 /* Release */ = {
			isa = XCBuildConfiguration;
			baseConfigurationReference = 278AAF9062E5ADAD401002C7 /* Pods-CodeChallenge.release.xcconfig */;
			buildSettings = {
				ASSETCATALOG_COMPILER_APPICON_NAME = AppIcon;
				CODE_SIGN_STYLE = Automatic;
				DEVELOPMENT_TEAM = KZ393C2ZW7;
				INFOPLIST_FILE = CodeChallenge/Info.plist;
				LD_RUNPATH_SEARCH_PATHS = "$(inherited) @executable_path/Frameworks";
				PRODUCT_BUNDLE_IDENTIFIER = com.test.CodeChallenge;
				PRODUCT_NAME = "$(TARGET_NAME)";
				SWIFT_VERSION = 4.0;
				TARGETED_DEVICE_FAMILY = "1,2";
			};
			name = Release;
		};
		7632417B1FB764B4000B7A75 /* Debug */ = {
			isa = XCBuildConfiguration;
			baseConfigurationReference = 9001206A16F5007206AD3E41 /* Pods-CodeChallengeTests.debug.xcconfig */;
			buildSettings = {
				ALWAYS_EMBED_SWIFT_STANDARD_LIBRARIES = YES;
				BUNDLE_LOADER = "$(TEST_HOST)";
				CODE_SIGN_STYLE = Automatic;
				DEVELOPMENT_TEAM = KZ393C2ZW7;
				INFOPLIST_FILE = CodeChallengeTests/Info.plist;
				LD_RUNPATH_SEARCH_PATHS = "$(inherited) @executable_path/Frameworks @loader_path/Frameworks";
				PRODUCT_BUNDLE_IDENTIFIER = com.test.CodeChallengeTests;
				PRODUCT_NAME = "$(TARGET_NAME)";
				SWIFT_VERSION = 4.0;
				TARGETED_DEVICE_FAMILY = "1,2";
				TEST_HOST = "$(BUILT_PRODUCTS_DIR)/CodeChallenge.app/CodeChallenge";
			};
			name = Debug;
		};
		7632417C1FB764B4000B7A75 /* Release */ = {
			isa = XCBuildConfiguration;
			baseConfigurationReference = DBADBA188CB0903B0C6106A2 /* Pods-CodeChallengeTests.release.xcconfig */;
			buildSettings = {
				ALWAYS_EMBED_SWIFT_STANDARD_LIBRARIES = YES;
				BUNDLE_LOADER = "$(TEST_HOST)";
				CODE_SIGN_STYLE = Automatic;
				DEVELOPMENT_TEAM = KZ393C2ZW7;
				INFOPLIST_FILE = CodeChallengeTests/Info.plist;
				LD_RUNPATH_SEARCH_PATHS = "$(inherited) @executable_path/Frameworks @loader_path/Frameworks";
				PRODUCT_BUNDLE_IDENTIFIER = com.test.CodeChallengeTests;
				PRODUCT_NAME = "$(TARGET_NAME)";
				SWIFT_VERSION = 4.0;
				TARGETED_DEVICE_FAMILY = "1,2";
				TEST_HOST = "$(BUILT_PRODUCTS_DIR)/CodeChallenge.app/CodeChallenge";
			};
			name = Release;
		};
		7632417E1FB764B4000B7A75 /* Debug */ = {
			isa = XCBuildConfiguration;
			baseConfigurationReference = CC4AAC6FFFAEBE922A8901FC /* Pods-CodeChallengeUITests.debug.xcconfig */;
			buildSettings = {
				ALWAYS_EMBED_SWIFT_STANDARD_LIBRARIES = YES;
				CODE_SIGN_STYLE = Automatic;
				DEVELOPMENT_TEAM = KZ393C2ZW7;
				INFOPLIST_FILE = CodeChallengeUITests/Info.plist;
				LD_RUNPATH_SEARCH_PATHS = "$(inherited) @executable_path/Frameworks @loader_path/Frameworks";
				PRODUCT_BUNDLE_IDENTIFIER = com.test.CodeChallengeUITests;
				PRODUCT_NAME = "$(TARGET_NAME)";
				SWIFT_VERSION = 4.0;
				TARGETED_DEVICE_FAMILY = "1,2";
				TEST_TARGET_NAME = CodeChallenge;
			};
			name = Debug;
		};
		7632417F1FB764B4000B7A75 /* Release */ = {
			isa = XCBuildConfiguration;
			baseConfigurationReference = D0634B83C58CDEED4D522ADE /* Pods-CodeChallengeUITests.release.xcconfig */;
			buildSettings = {
				ALWAYS_EMBED_SWIFT_STANDARD_LIBRARIES = YES;
				CODE_SIGN_STYLE = Automatic;
				DEVELOPMENT_TEAM = KZ393C2ZW7;
				INFOPLIST_FILE = CodeChallengeUITests/Info.plist;
				LD_RUNPATH_SEARCH_PATHS = "$(inherited) @executable_path/Frameworks @loader_path/Frameworks";
				PRODUCT_BUNDLE_IDENTIFIER = com.test.CodeChallengeUITests;
				PRODUCT_NAME = "$(TARGET_NAME)";
				SWIFT_VERSION = 4.0;
				TARGETED_DEVICE_FAMILY = "1,2";
				TEST_TARGET_NAME = CodeChallenge;
			};
			name = Release;
		};
/* End XCBuildConfiguration section */

/* Begin XCConfigurationList section */
		763241471FB764B3000B7A75 /* Build configuration list for PBXProject "CodeChallenge" */ = {
			isa = XCConfigurationList;
			buildConfigurations = (
				763241751FB764B4000B7A75 /* Debug */,
				763241761FB764B4000B7A75 /* Release */,
			);
			defaultConfigurationIsVisible = 0;
			defaultConfigurationName = Release;
		};
		763241771FB764B4000B7A75 /* Build configuration list for PBXNativeTarget "CodeChallenge" */ = {
			isa = XCConfigurationList;
			buildConfigurations = (
				763241781FB764B4000B7A75 /* Debug */,
				763241791FB764B4000B7A75 /* Release */,
			);
			defaultConfigurationIsVisible = 0;
			defaultConfigurationName = Release;
		};
		7632417A1FB764B4000B7A75 /* Build configuration list for PBXNativeTarget "CodeChallengeTests" */ = {
			isa = XCConfigurationList;
			buildConfigurations = (
				7632417B1FB764B4000B7A75 /* Debug */,
				7632417C1FB764B4000B7A75 /* Release */,
			);
			defaultConfigurationIsVisible = 0;
			defaultConfigurationName = Release;
		};
		7632417D1FB764B4000B7A75 /* Build configuration list for PBXNativeTarget "CodeChallengeUITests" */ = {
			isa = XCConfigurationList;
			buildConfigurations = (
				7632417E1FB764B4000B7A75 /* Debug */,
				7632417F1FB764B4000B7A75 /* Release */,
			);
			defaultConfigurationIsVisible = 0;
			defaultConfigurationName = Release;
		};
/* End XCConfigurationList section */

/* Begin XCVersionGroup section */
		763241561FB764B4000B7A75 /* CodeChallenge.xcdatamodeld */ = {
			isa = XCVersionGroup;
			children = (
				763241571FB764B4000B7A75 /* CodeChallenge.xcdatamodel */,
			);
			currentVersion = 763241571FB764B4000B7A75 /* CodeChallenge.xcdatamodel */;
			path = CodeChallenge.xcdatamodeld;
			sourceTree = "<group>";
			versionGroupType = wrapper.xcdatamodel;
		};
/* End XCVersionGroup section */
	};
	rootObject = 763241441FB764B3000B7A75 /* Project object */;
}
